
Microsoft Visual Studio Solution File, Format Version 12.00
# Visual Studio 15
VisualStudioVersion = 15.0.28010.2046
MinimumVisualStudioVersion = 10.0.40219.1
Project("{FAE04EC0-301F-11D3-BF4B-00C04F79EFBC}") = "Marchand.Android", "Marchand\Marchand.Android\Marchand.Android.csproj", "{E4441B55-CC8B-413C-B43E-14D49B06B37C}"
EndProject
Project("{FAE04EC0-301F-11D3-BF4B-00C04F79EFBC}") = "Marchand.iOS", "Marchand\Marchand.iOS\Marchand.iOS.csproj", "{9C373539-EDD7-4D22-8F72-6D922781EFEC}"
EndProject
Project("{FAE04EC0-301F-11D3-BF4B-00C04F79EFBC}") = "Marchand", "Marchand\Marchand\Marchand.csproj", "{2CCA0464-5377-4DCC-AA11-B44AD9596DBB}"
EndProject
Global
	GlobalSection(SolutionConfigurationPlatforms) = preSolution
		Ad-Hoc|Any CPU = Ad-Hoc|Any CPU
		Ad-Hoc|iPhone = Ad-Hoc|iPhone
		Ad-Hoc|iPhoneSimulator = Ad-Hoc|iPhoneSimulator
		AppStore|Any CPU = AppStore|Any CPU
		AppStore|iPhone = AppStore|iPhone
		AppStore|iPhoneSimulator = AppStore|iPhoneSimulator
		Debug|Any CPU = Debug|Any CPU
		Debug|iPhone = Debug|iPhone
		Debug|iPhoneSimulator = Debug|iPhoneSimulator
		Release|Any CPU = Release|Any CPU
		Release|iPhone = Release|iPhone
		Release|iPhoneSimulator = Release|iPhoneSimulator
	EndGlobalSection
	GlobalSection(ProjectConfigurationPlatforms) = postSolution
		{E4441B55-CC8B-413C-B43E-14D49B06B37C}.Ad-Hoc|Any CPU.ActiveCfg = Release|Any CPU
		{E4441B55-CC8B-413C-B43E-14D49B06B37C}.Ad-Hoc|Any CPU.Build.0 = Release|Any CPU
		{E4441B55-CC8B-413C-B43E-14D49B06B37C}.Ad-Hoc|Any CPU.Deploy.0 = Release|Any CPU
		{E4441B55-CC8B-413C-B43E-14D49B06B37C}.Ad-Hoc|iPhone.ActiveCfg = Release|Any CPU
		{E4441B55-CC8B-413C-B43E-14D49B06B37C}.Ad-Hoc|iPhone.Build.0 = Release|Any CPU
		{E4441B55-CC8B-413C-B43E-14D49B06B37C}.Ad-Hoc|iPhone.Deploy.0 = Release|Any CPU
		{E4441B55-CC8B-413C-B43E-14D49B06B37C}.Ad-Hoc|iPhoneSimulator.ActiveCfg = Release|Any CPU
		{E4441B55-CC8B-413C-B43E-14D49B06B37C}.Ad-Hoc|iPhoneSimulator.Build.0 = Release|Any CPU
		{E4441B55-CC8B-413C-B43E-14D49B06B37C}.Ad-Hoc|iPhoneSimulator.Deploy.0 = Release|Any CPU
		{E4441B55-CC8B-413C-B43E-14D49B06B37C}.AppStore|Any CPU.ActiveCfg = Release|Any CPU
		{E4441B55-CC8B-413C-B43E-14D49B06B37C}.AppStore|Any CPU.Build.0 = Release|Any CPU
		{E4441B55-CC8B-413C-B43E-14D49B06B37C}.AppStore|Any CPU.Deploy.0 = Release|Any CPU
		{E4441B55-CC8B-413C-B43E-14D49B06B37C}.AppStore|iPhone.ActiveCfg = Release|Any CPU
		{E4441B55-CC8B-413C-B43E-14D49B06B37C}.AppStore|iPhone.Build.0 = Release|Any CPU
		{E4441B55-CC8B-413C-B43E-14D49B06B37C}.AppStore|iPhone.Deploy.0 = Release|Any CPU
		{E4441B55-CC8B-413C-B43E-14D49B06B37C}.AppStore|iPhoneSimulator.ActiveCfg = Release|Any CPU
		{E4441B55-CC8B-413C-B43E-14D49B06B37C}.AppStore|iPhoneSimulator.Build.0 = Release|Any CPU
		{E4441B55-CC8B-413C-B43E-14D49B06B37C}.AppStore|iPhoneSimulator.Deploy.0 = Release|Any CPU
		{E4441B55-CC8B-413C-B43E-14D49B06B37C}.Debug|Any CPU.ActiveCfg = Debug|Any CPU
		{E4441B55-CC8B-413C-B43E-14D49B06B37C}.Debug|Any CPU.Build.0 = Debug|Any CPU
		{E4441B55-CC8B-413C-B43E-14D49B06B37C}.Debug|Any CPU.Deploy.0 = Debug|Any CPU
		{E4441B55-CC8B-413C-B43E-14D49B06B37C}.Debug|iPhone.ActiveCfg = Debug|Any CPU
		{E4441B55-CC8B-413C-B43E-14D49B06B37C}.Debug|iPhone.Build.0 = Debug|Any CPU
		{E4441B55-CC8B-413C-B43E-14D49B06B37C}.Debug|iPhone.Deploy.0 = Debug|Any CPU
		{E4441B55-CC8B-413C-B43E-14D49B06B37C}.Debug|iPhoneSimulator.ActiveCfg = Debug|Any CPU
		{E4441B55-CC8B-413C-B43E-14D49B06B37C}.Debug|iPhoneSimulator.Build.0 = Debug|Any CPU
		{E4441B55-CC8B-413C-B43E-14D49B06B37C}.Debug|iPhoneSimulator.Deploy.0 = Debug|Any CPU
		{E4441B55-CC8B-413C-B43E-14D49B06B37C}.Release|Any CPU.ActiveCfg = Release|Any CPU
		{E4441B55-CC8B-413C-B43E-14D49B06B37C}.Release|Any CPU.Build.0 = Release|Any CPU
		{E4441B55-CC8B-413C-B43E-14D49B06B37C}.Release|Any CPU.Deploy.0 = Release|Any CPU
		{E4441B55-CC8B-413C-B43E-14D49B06B37C}.Release|iPhone.ActiveCfg = Release|Any CPU
		{E4441B55-CC8B-413C-B43E-14D49B06B37C}.Release|iPhone.Build.0 = Release|Any CPU
		{E4441B55-CC8B-413C-B43E-14D49B06B37C}.Release|iPhone.Deploy.0 = Release|Any CPU
		{E4441B55-CC8B-413C-B43E-14D49B06B37C}.Release|iPhoneSimulator.ActiveCfg = Release|Any CPU
		{E4441B55-CC8B-413C-B43E-14D49B06B37C}.Release|iPhoneSimulator.Build.0 = Release|Any CPU
		{E4441B55-CC8B-413C-B43E-14D49B06B37C}.Release|iPhoneSimulator.Deploy.0 = Release|Any CPU
		{9C373539-EDD7-4D22-8F72-6D922781EFEC}.Ad-Hoc|Any CPU.ActiveCfg = Ad-Hoc|iPhone
		{9C373539-EDD7-4D22-8F72-6D922781EFEC}.Ad-Hoc|Any CPU.Build.0 = Ad-Hoc|iPhone
		{9C373539-EDD7-4D22-8F72-6D922781EFEC}.Ad-Hoc|Any CPU.Deploy.0 = Ad-Hoc|iPhone
		{9C373539-EDD7-4D22-8F72-6D922781EFEC}.Ad-Hoc|iPhone.ActiveCfg = Ad-Hoc|iPhone
		{9C373539-EDD7-4D22-8F72-6D922781EFEC}.Ad-Hoc|iPhone.Build.0 = Ad-Hoc|iPhone
		{9C373539-EDD7-4D22-8F72-6D922781EFEC}.Ad-Hoc|iPhone.Deploy.0 = Ad-Hoc|iPhone
		{9C373539-EDD7-4D22-8F72-6D922781EFEC}.Ad-Hoc|iPhoneSimulator.ActiveCfg = Ad-Hoc|iPhoneSimulator
		{9C373539-EDD7-4D22-8F72-6D922781EFEC}.Ad-Hoc|iPhoneSimulator.Build.0 = Ad-Hoc|iPhoneSimulator
		{9C373539-EDD7-4D22-8F72-6D922781EFEC}.Ad-Hoc|iPhoneSimulator.Deploy.0 = Ad-Hoc|iPhoneSimulator
		{9C373539-EDD7-4D22-8F72-6D922781EFEC}.AppStore|Any CPU.ActiveCfg = AppStore|iPhone
		{9C373539-EDD7-4D22-8F72-6D922781EFEC}.AppStore|Any CPU.Build.0 = AppStore|iPhone
		{9C373539-EDD7-4D22-8F72-6D922781EFEC}.AppStore|Any CPU.Deploy.0 = AppStore|iPhone
		{9C373539-EDD7-4D22-8F72-6D922781EFEC}.AppStore|iPhone.ActiveCfg = AppStore|iPhone
		{9C373539-EDD7-4D22-8F72-6D922781EFEC}.AppStore|iPhone.Build.0 = AppStore|iPhone
		{9C373539-EDD7-4D22-8F72-6D922781EFEC}.AppStore|iPhone.Deploy.0 = AppStore|iPhone
		{9C373539-EDD7-4D22-8F72-6D922781EFEC}.AppStore|iPhoneSimulator.ActiveCfg = AppStore|iPhoneSimulator
		{9C373539-EDD7-4D22-8F72-6D922781EFEC}.AppStore|iPhoneSimulator.Build.0 = AppStore|iPhoneSimulator
		{9C373539-EDD7-4D22-8F72-6D922781EFEC}.AppStore|iPhoneSimulator.Deploy.0 = AppStore|iPhoneSimulator
		{9C373539-EDD7-4D22-8F72-6D922781EFEC}.Debug|Any CPU.ActiveCfg = Debug|iPhoneSimulator
		{9C373539-EDD7-4D22-8F72-6D922781EFEC}.Debug|Any CPU.Build.0 = Debug|iPhoneSimulator
		{9C373539-EDD7-4D22-8F72-6D922781EFEC}.Debug|Any CPU.Deploy.0 = Debug|iPhoneSimulator
		{9C373539-EDD7-4D22-8F72-6D922781EFEC}.Debug|iPhone.ActiveCfg = Debug|iPhone
		{9C373539-EDD7-4D22-8F72-6D922781EFEC}.Debug|iPhone.Build.0 = Debug|iPhone
		{9C373539-EDD7-4D22-8F72-6D922781EFEC}.Debug|iPhone.Deploy.0 = Debug|iPhone
		{9C373539-EDD7-4D22-8F72-6D922781EFEC}.Debug|iPhoneSimulator.ActiveCfg = Debug|iPhoneSimulator
		{9C373539-EDD7-4D22-8F72-6D922781EFEC}.Debug|iPhoneSimulator.Build.0 = Debug|iPhoneSimulator
		{9C373539-EDD7-4D22-8F72-6D922781EFEC}.Debug|iPhoneSimulator.Deploy.0 = Debug|iPhoneSimulator
		{9C373539-EDD7-4D22-8F72-6D922781EFEC}.Release|Any CPU.ActiveCfg = Release|iPhone
		{9C373539-EDD7-4D22-8F72-6D922781EFEC}.Release|Any CPU.Build.0 = Release|iPhone
		{9C373539-EDD7-4D22-8F72-6D922781EFEC}.Release|Any CPU.Deploy.0 = Release|iPhone
		{9C373539-EDD7-4D22-8F72-6D922781EFEC}.Release|iPhone.ActiveCfg = Release|iPhone
		{9C373539-EDD7-4D22-8F72-6D922781EFEC}.Release|iPhone.Build.0 = Release|iPhone
		{9C373539-EDD7-4D22-8F72-6D922781EFEC}.Release|iPhone.Deploy.0 = Release|iPhone
		{9C373539-EDD7-4D22-8F72-6D922781EFEC}.Release|iPhoneSimulator.ActiveCfg = Release|iPhoneSimulator
		{9C373539-EDD7-4D22-8F72-6D922781EFEC}.Release|iPhoneSimulator.Build.0 = Release|iPhoneSimulator
		{9C373539-EDD7-4D22-8F72-6D922781EFEC}.Release|iPhoneSimulator.Deploy.0 = Release|iPhoneSimulator
		{2CCA0464-5377-4DCC-AA11-B44AD9596DBB}.Ad-Hoc|Any CPU.ActiveCfg = Debug|Any CPU
		{2CCA0464-5377-4DCC-AA11-B44AD9596DBB}.Ad-Hoc|Any CPU.Build.0 = Debug|Any CPU
		{2CCA0464-5377-4DCC-AA11-B44AD9596DBB}.Ad-Hoc|Any CPU.Deploy.0 = Debug|Any CPU
		{2CCA0464-5377-4DCC-AA11-B44AD9596DBB}.Ad-Hoc|iPhone.ActiveCfg = Debug|Any CPU
		{2CCA0464-5377-4DCC-AA11-B44AD9596DBB}.Ad-Hoc|iPhone.Build.0 = Debug|Any CPU
		{2CCA0464-5377-4DCC-AA11-B44AD9596DBB}.Ad-Hoc|iPhone.Deploy.0 = Debug|Any CPU
		{2CCA0464-5377-4DCC-AA11-B44AD9596DBB}.Ad-Hoc|iPhoneSimulator.ActiveCfg = Debug|Any CPU
		{2CCA0464-5377-4DCC-AA11-B44AD9596DBB}.Ad-Hoc|iPhoneSimulator.Build.0 = Debug|Any CPU
		{2CCA0464-5377-4DCC-AA11-B44AD9596DBB}.Ad-Hoc|iPhoneSimulator.Deploy.0 = Debug|Any CPU
		{2CCA0464-5377-4DCC-AA11-B44AD9596DBB}.AppStore|Any CPU.ActiveCfg = Debug|Any CPU
		{2CCA0464-5377-4DCC-AA11-B44AD9596DBB}.AppStore|Any CPU.Build.0 = Debug|Any CPU
		{2CCA0464-5377-4DCC-AA11-B44AD9596DBB}.AppStore|Any CPU.Deploy.0 = Debug|Any CPU
		{2CCA0464-5377-4DCC-AA11-B44AD9596DBB}.AppStore|iPhone.ActiveCfg = Debug|Any CPU
		{2CCA0464-5377-4DCC-AA11-B44AD9596DBB}.AppStore|iPhone.Build.0 = Debug|Any CPU
		{2CCA0464-5377-4DCC-AA11-B44AD9596DBB}.AppStore|iPhone.Deploy.0 = Debug|Any CPU
		{2CCA0464-5377-4DCC-AA11-B44AD9596DBB}.AppStore|iPhoneSimulator.ActiveCfg = Debug|Any CPU
		{2CCA0464-5377-4DCC-AA11-B44AD9596DBB}.AppStore|iPhoneSimulator.Build.0 = Debug|Any CPU
		{2CCA0464-5377-4DCC-AA11-B44AD9596DBB}.AppStore|iPhoneSimulator.Deploy.0 = Debug|Any CPU
		{2CCA0464-5377-4DCC-AA11-B44AD9596DBB}.Debug|Any CPU.ActiveCfg = Debug|Any CPU
		{2CCA0464-5377-4DCC-AA11-B44AD9596DBB}.Debug|Any CPU.Build.0 = Debug|Any CPU
		{2CCA0464-5377-4DCC-AA11-B44AD9596DBB}.Debug|Any CPU.Deploy.0 = Debug|Any CPU
		{2CCA0464-5377-4DCC-AA11-B44AD9596DBB}.Debug|iPhone.ActiveCfg = Debug|Any CPU
		{2CCA0464-5377-4DCC-AA11-B44AD9596DBB}.Debug|iPhone.Build.0 = Debug|Any CPU
		{2CCA0464-5377-4DCC-AA11-B44AD9596DBB}.Debug|iPhone.Deploy.0 = Debug|Any CPU
		{2CCA0464-5377-4DCC-AA11-B44AD9596DBB}.Debug|iPhoneSimulator.ActiveCfg = Debug|Any CPU
		{2CCA0464-5377-4DCC-AA11-B44AD9596DBB}.Debug|iPhoneSimulator.Build.0 = Debug|Any CPU
		{2CCA0464-5377-4DCC-AA11-B44AD9596DBB}.Debug|iPhoneSimulator.Deploy.0 = Debug|Any CPU
		{2CCA0464-5377-4DCC-AA11-B44AD9596DBB}.Release|Any CPU.ActiveCfg = Release|Any CPU
		{2CCA0464-5377-4DCC-AA11-B44AD9596DBB}.Release|Any CPU.Build.0 = Release|Any CPU
		{2CCA0464-5377-4DCC-AA11-B44AD9596DBB}.Release|Any CPU.Deploy.0 = Release|Any CPU
		{2CCA0464-5377-4DCC-AA11-B44AD9596DBB}.Release|iPhone.ActiveCfg = Release|Any CPU
		{2CCA0464-5377-4DCC-AA11-B44AD9596DBB}.Release|iPhone.Build.0 = Release|Any CPU
		{2CCA0464-5377-4DCC-AA11-B44AD9596DBB}.Release|iPhone.Deploy.0 = Release|Any CPU
		{2CCA0464-5377-4DCC-AA11-B44AD9596DBB}.Release|iPhoneSimulator.ActiveCfg = Release|Any CPU
		{2CCA0464-5377-4DCC-AA11-B44AD9596DBB}.Release|iPhoneSimulator.Build.0 = Release|Any CPU
		{2CCA0464-5377-4DCC-AA11-B44AD9596DBB}.Release|iPhoneSimulator.Deploy.0 = Release|Any CPU
	EndGlobalSection
	GlobalSection(SolutionProperties) = preSolution
		HideSolutionNode = FALSE
	EndGlobalSection
	GlobalSection(ExtensibilityGlobals) = postSolution
		SolutionGuid = {21C9D021-5BB9-4EE2-9970-088F2AECFB25}
	EndGlobalSection
EndGlobal
